{
  "requires": true,
  "lockfileVersion": 1,
  "dependencies": {
    "howler": {
      "version": "2.2.1",
      "resolved": "https://registry.npmjs.org/howler/-/howler-2.2.1.tgz",
      "integrity": "sha512-0iIXvuBO/81CcrQ/HSSweYmbT50fT2mIc9XMFb+kxIfk2pW/iKzDbX1n3fZmDXMEIpYvyyfrB+gXwPYSDqUxIQ=="
    },
    "use-sound": {
      "version": "2.0.1",
      "resolved": "https://registry.npmjs.org/use-sound/-/use-sound-2.0.1.tgz",
      "integrity": "sha512-wNwnyIOe8QPDQgWRZd3PqVEJ9BpLO+VJX+EpQSb6EvvjblHhnYMD7WIOTQ4hgloC2jC7Az6FhclHilC441De7A==",
      "requires": {
        "howler": "^2.1.3"
      }
    }
  }
}
